# THIS IS AN AUTOGENERATED FILE. DO NOT EDIT THIS FILE DIRECTLY.
# yarn lockfile v1


"@types/node@^9.6.57":
  version "9.6.57"
  resolved "https://registry.yarnpkg.com/@types/node/-/node-9.6.57.tgz#ff4c4ffab747783c0c2ba2e2c20e670da2cbee8d"
  integrity sha512-588MBlPWKeJFshLmnYbqMEaM3NaJFCVZFgpQ5rQxKCVXMNw2Gs7sTORvCDlaPBP6AabiIvmd22eT9fcIvTeZUw==

typescript@^4.5.5:
  version "4.5.5"
  resolved "https://registry.npmjs.org/typescript/-/typescript-4.5.5.tgz"
  integrity sha512-TCTIul70LyWe6IJWT8QSYeA54WQe8EjQFU4wY52Fasj5UKx88LNYKCgBEHcOMOrFF1rKGbD8v/xcNWVUq9SymA==
